
Microsoft Visual Studio Solution File, Format Version 12.00
# Visual Studio Version 16
VisualStudioVersion = 16.0.29806.167
MinimumVisualStudioVersion = 10.0.40219.1
Project("{FAE04EC0-301F-11D3-BF4B-00C04F79EFBC}") = "Central Management", "Central Management.csproj", "{A5FD33AB-9E5E-4E3D-A16B-46C7A2EACBB8}"
EndProject
Global
	GlobalSection(SolutionConfigurationPlatforms) = preSolution
		Debug|Any CPU = Debug|Any CPU
		Release|Any CPU = Release|Any CPU
	EndGlobalSection
	GlobalSection(ProjectConfigurationPlatforms) = postSolution
		{A5FD33AB-9E5E-4E3D-A16B-46C7A2EACBB8}.Debug|Any CPU.ActiveCfg = Debug|Any CPU
		{A5FD33AB-9E5E-4E3D-A16B-46C7A2EACBB8}.Debug|Any CPU.Build.0 = Debug|Any CPU
		{A5FD33AB-9E5E-4E3D-A16B-46C7A2EACBB8}.Release|Any CPU.ActiveCfg = Release|Any CPU
		{A5FD33AB-9E5E-4E3D-A16B-46C7A2EACBB8}.Release|Any CPU.Build.0 = Release|Any CPU
	EndGlobalSection
	GlobalSection(SolutionProperties) = preSolution
		HideSolutionNode = FALSE
	EndGlobalSection
	GlobalSection(ExtensibilityGlobals) = postSolution
		SolutionGuid = {BA4B8FE1-32C6-4C0B-863F-D794E1F44704}
	EndGlobalSection
EndGlobal
